
Microsoft Visual Studio Solution File, Format Version 12.00
# Visual Studio Version 16
VisualStudioVersion = 16.0.29326.143
MinimumVisualStudioVersion = 10.0.40219.1
Project("{FAE04EC0-301F-11D3-BF4B-00C04F79EFBC}") = "ArrayListApp", "ArrayListApp\ArrayListApp.csproj", "{1207278F-5E85-4417-BBFD-4F74DB212CF8}"
EndProject
Global
	GlobalSection(SolutionConfigurationPlatforms) = preSolution
		Debug|Any CPU = Debug|Any CPU
		Release|Any CPU = Release|Any CPU
	EndGlobalSection
	GlobalSection(ProjectConfigurationPlatforms) = postSolution
		{1207278F-5E85-4417-BBFD-4F74DB212CF8}.Debug|Any CPU.ActiveCfg = Debug|Any CPU
		{1207278F-5E85-4417-BBFD-4F74DB212CF8}.Debug|Any CPU.Build.0 = Debug|Any CPU
		{1207278F-5E85-4417-BBFD-4F74DB212CF8}.Release|Any CPU.ActiveCfg = Release|Any CPU
		{1207278F-5E85-4417-BBFD-4F74DB212CF8}.Release|Any CPU.Build.0 = Release|Any CPU
	EndGlobalSection
	GlobalSection(SolutionProperties) = preSolution
		HideSolutionNode = FALSE
	EndGlobalSection
	GlobalSection(ExtensibilityGlobals) = postSolution
		SolutionGuid = {B6E3B101-47CA-454B-9A24-1109D21B50F5}
	EndGlobalSection
EndGlobal
